
Microsoft Visual Studio Solution File, Format Version 12.00
# Visual Studio 2013
VisualStudioVersion = 12.0.0.0
MinimumVisualStudioVersion = 10.0.0.1
Project("{F2A71F9B-5D33-465A-A702-920D77279786}") = "TestTest", "TestTest\TestTest.fsproj", "{F15C8ABD-E065-43C4-8873-CA8C503F8212}"
EndProject
Project("{F2A71F9B-5D33-465A-A702-920D77279786}") = "PrimeNum", "PrimeNum\PrimeNum.fsproj", "{2410B8BC-2915-40CF-B058-3DB0F90F775D}"
EndProject
Project("{F2A71F9B-5D33-465A-A702-920D77279786}") = "Factorial", "Factorial\Factorial.fsproj", "{EE0F0A37-F232-4A5A-A7BA-DCA9E7FB0036}"
EndProject
Project("{F2A71F9B-5D33-465A-A702-920D77279786}") = "Exponentation", "Exponentation\Exponentation.fsproj", "{E74D76AA-FED0-4112-8315-713D1F394BE3}"
EndProject
Project("{F2A71F9B-5D33-465A-A702-920D77279786}") = "Marker", "Marker\Marker.fsproj", "{E1FA19C1-78E9-4058-BB6B-7C1491469297}"
EndProject
Project("{F2A71F9B-5D33-465A-A702-920D77279786}") = "NWD", "NWD\NWD.fsproj", "{63617145-52D0-464B-A005-C4DF27C68645}"
EndProject
Project("{F2A71F9B-5D33-465A-A702-920D77279786}") = "SIMPLENWD", "SIMPLENWD\SIMPLENWD.fsproj", "{5F9A5205-FCFC-42BC-8CBA-0976BDEBBB2C}"
EndProject
Global
	GlobalSection(SolutionConfigurationPlatforms) = preSolution
		Debug|Any CPU = Debug|Any CPU
		Release|Any CPU = Release|Any CPU
	EndGlobalSection
	GlobalSection(ProjectConfigurationPlatforms) = postSolution
		{F15C8ABD-E065-43C4-8873-CA8C503F8212}.Debug|Any CPU.ActiveCfg = Debug|Any CPU
		{F15C8ABD-E065-43C4-8873-CA8C503F8212}.Debug|Any CPU.Build.0 = Debug|Any CPU
		{F15C8ABD-E065-43C4-8873-CA8C503F8212}.Release|Any CPU.ActiveCfg = Release|Any CPU
		{F15C8ABD-E065-43C4-8873-CA8C503F8212}.Release|Any CPU.Build.0 = Release|Any CPU
		{2410B8BC-2915-40CF-B058-3DB0F90F775D}.Debug|Any CPU.ActiveCfg = Debug|Any CPU
		{2410B8BC-2915-40CF-B058-3DB0F90F775D}.Debug|Any CPU.Build.0 = Debug|Any CPU
		{2410B8BC-2915-40CF-B058-3DB0F90F775D}.Release|Any CPU.ActiveCfg = Release|Any CPU
		{2410B8BC-2915-40CF-B058-3DB0F90F775D}.Release|Any CPU.Build.0 = Release|Any CPU
		{EE0F0A37-F232-4A5A-A7BA-DCA9E7FB0036}.Debug|Any CPU.ActiveCfg = Debug|Any CPU
		{EE0F0A37-F232-4A5A-A7BA-DCA9E7FB0036}.Debug|Any CPU.Build.0 = Debug|Any CPU
		{EE0F0A37-F232-4A5A-A7BA-DCA9E7FB0036}.Release|Any CPU.ActiveCfg = Release|Any CPU
		{EE0F0A37-F232-4A5A-A7BA-DCA9E7FB0036}.Release|Any CPU.Build.0 = Release|Any CPU
		{E74D76AA-FED0-4112-8315-713D1F394BE3}.Debug|Any CPU.ActiveCfg = Debug|Any CPU
		{E74D76AA-FED0-4112-8315-713D1F394BE3}.Debug|Any CPU.Build.0 = Debug|Any CPU
		{E74D76AA-FED0-4112-8315-713D1F394BE3}.Release|Any CPU.ActiveCfg = Release|Any CPU
		{E74D76AA-FED0-4112-8315-713D1F394BE3}.Release|Any CPU.Build.0 = Release|Any CPU
		{E1FA19C1-78E9-4058-BB6B-7C1491469297}.Debug|Any CPU.ActiveCfg = Debug|Any CPU
		{E1FA19C1-78E9-4058-BB6B-7C1491469297}.Debug|Any CPU.Build.0 = Debug|Any CPU
		{E1FA19C1-78E9-4058-BB6B-7C1491469297}.Release|Any CPU.ActiveCfg = Release|Any CPU
		{E1FA19C1-78E9-4058-BB6B-7C1491469297}.Release|Any CPU.Build.0 = Release|Any CPU
		{63617145-52D0-464B-A005-C4DF27C68645}.Debug|Any CPU.ActiveCfg = Debug|Any CPU
		{63617145-52D0-464B-A005-C4DF27C68645}.Debug|Any CPU.Build.0 = Debug|Any CPU
		{63617145-52D0-464B-A005-C4DF27C68645}.Release|Any CPU.ActiveCfg = Release|Any CPU
		{63617145-52D0-464B-A005-C4DF27C68645}.Release|Any CPU.Build.0 = Release|Any CPU
		{5F9A5205-FCFC-42BC-8CBA-0976BDEBBB2C}.Debug|Any CPU.ActiveCfg = Debug|Any CPU
		{5F9A5205-FCFC-42BC-8CBA-0976BDEBBB2C}.Debug|Any CPU.Build.0 = Debug|Any CPU
		{5F9A5205-FCFC-42BC-8CBA-0976BDEBBB2C}.Release|Any CPU.ActiveCfg = Release|Any CPU
		{5F9A5205-FCFC-42BC-8CBA-0976BDEBBB2C}.Release|Any CPU.Build.0 = Release|Any CPU
	EndGlobalSection
	GlobalSection(SolutionProperties) = preSolution
		HideSolutionNode = FALSE
	EndGlobalSection
EndGlobal
